
Microsoft Visual Studio Solution File, Format Version 12.00
# Visual Studio Version 17
VisualStudioVersion = 17.4.33403.182
MinimumVisualStudioVersion = 10.0.40219.1
Project("{9A19103F-16F7-4668-BE54-9A1E7A4F7556}") = "PokéWordle", "Wordle_todorIulia\PokéWordle.csproj", "{A521E859-0646-4372-BFE7-62F572B57A4D}"
EndProject
Project("{9A19103F-16F7-4668-BE54-9A1E7A4F7556}") = "WordleUnitTest", "WordleUnitTest\WordleUnitTest.csproj", "{7915911A-18FF-4477-973F-CBB10047DF71}"
EndProject
Global
	GlobalSection(SolutionConfigurationPlatforms) = preSolution
		Debug|Any CPU = Debug|Any CPU
		Release|Any CPU = Release|Any CPU
	EndGlobalSection
	GlobalSection(ProjectConfigurationPlatforms) = postSolution
		{A521E859-0646-4372-BFE7-62F572B57A4D}.Debug|Any CPU.ActiveCfg = Debug|Any CPU
		{A521E859-0646-4372-BFE7-62F572B57A4D}.Debug|Any CPU.Build.0 = Debug|Any CPU
		{A521E859-0646-4372-BFE7-62F572B57A4D}.Release|Any CPU.ActiveCfg = Release|Any CPU
		{A521E859-0646-4372-BFE7-62F572B57A4D}.Release|Any CPU.Build.0 = Release|Any CPU
		{7915911A-18FF-4477-973F-CBB10047DF71}.Debug|Any CPU.ActiveCfg = Debug|Any CPU
		{7915911A-18FF-4477-973F-CBB10047DF71}.Debug|Any CPU.Build.0 = Debug|Any CPU
		{7915911A-18FF-4477-973F-CBB10047DF71}.Release|Any CPU.ActiveCfg = Release|Any CPU
		{7915911A-18FF-4477-973F-CBB10047DF71}.Release|Any CPU.Build.0 = Release|Any CPU
	EndGlobalSection
	GlobalSection(SolutionProperties) = preSolution
		HideSolutionNode = FALSE
	EndGlobalSection
	GlobalSection(ExtensibilityGlobals) = postSolution
		SolutionGuid = {56602E58-8AF7-4593-AF69-5FC3C488C0AE}
	EndGlobalSection
EndGlobal
